
Microsoft Visual Studio Solution File, Format Version 12.00
# Visual Studio 15
VisualStudioVersion = 15.0.28010.2019
MinimumVisualStudioVersion = 10.0.40219.1
Project("{FAE04EC0-301F-11D3-BF4B-00C04F79EFBC}") = "iMedDrs.Droid", "iMedDrs\iMedDrs.Droid\iMedDrs.Droid.csproj", "{3DA311C0-B722-4437-9761-AA292178C4E9}"
EndProject
Project("{FAE04EC0-301F-11D3-BF4B-00C04F79EFBC}") = "iMedDrs.iOS", "iMedDrs\iMedDrs.iOS\iMedDrs.iOS.csproj", "{93864490-8064-4A0D-80DA-D0F69E5EBC2D}"
EndProject
Project("{D954291E-2A0B-460D-934E-DC6B0785DB48}") = "iMedDrs", "iMedDrs\iMedDrs\iMedDrs.shproj", "{F3179B56-7B77-4C83-961B-D835E433C066}"
EndProject
Global
	GlobalSection(SharedMSBuildProjectFiles) = preSolution
		iMedDrs\iMedDrs\iMedDrs.projitems*{3da311c0-b722-4437-9761-aa292178c4e9}*SharedItemsImports = 4
		iMedDrs\iMedDrs\iMedDrs.projitems*{93864490-8064-4a0d-80da-d0f69e5ebc2d}*SharedItemsImports = 4
		iMedDrs\iMedDrs\iMedDrs.projitems*{f3179b56-7b77-4c83-961b-d835e433c066}*SharedItemsImports = 13
	EndGlobalSection
	GlobalSection(SolutionConfigurationPlatforms) = preSolution
		Debug|Any CPU = Debug|Any CPU
		Debug|ARM = Debug|ARM
		Debug|iPhone = Debug|iPhone
		Debug|iPhoneSimulator = Debug|iPhoneSimulator
		Debug|x86 = Debug|x86
		Release|Any CPU = Release|Any CPU
		Release|ARM = Release|ARM
		Release|iPhone = Release|iPhone
		Release|iPhoneSimulator = Release|iPhoneSimulator
		Release|x86 = Release|x86
	EndGlobalSection
	GlobalSection(ProjectConfigurationPlatforms) = postSolution
		{3DA311C0-B722-4437-9761-AA292178C4E9}.Debug|Any CPU.ActiveCfg = Debug|Any CPU
		{3DA311C0-B722-4437-9761-AA292178C4E9}.Debug|Any CPU.Build.0 = Debug|Any CPU
		{3DA311C0-B722-4437-9761-AA292178C4E9}.Debug|Any CPU.Deploy.0 = Debug|Any CPU
		{3DA311C0-B722-4437-9761-AA292178C4E9}.Debug|ARM.ActiveCfg = Debug|Any CPU
		{3DA311C0-B722-4437-9761-AA292178C4E9}.Debug|ARM.Build.0 = Debug|Any CPU
		{3DA311C0-B722-4437-9761-AA292178C4E9}.Debug|ARM.Deploy.0 = Debug|Any CPU
		{3DA311C0-B722-4437-9761-AA292178C4E9}.Debug|iPhone.ActiveCfg = Debug|Any CPU
		{3DA311C0-B722-4437-9761-AA292178C4E9}.Debug|iPhone.Build.0 = Debug|Any CPU
		{3DA311C0-B722-4437-9761-AA292178C4E9}.Debug|iPhone.Deploy.0 = Debug|Any CPU
		{3DA311C0-B722-4437-9761-AA292178C4E9}.Debug|iPhoneSimulator.ActiveCfg = Debug|Any CPU
		{3DA311C0-B722-4437-9761-AA292178C4E9}.Debug|iPhoneSimulator.Build.0 = Debug|Any CPU
		{3DA311C0-B722-4437-9761-AA292178C4E9}.Debug|iPhoneSimulator.Deploy.0 = Debug|Any CPU
		{3DA311C0-B722-4437-9761-AA292178C4E9}.Debug|x86.ActiveCfg = Debug|Any CPU
		{3DA311C0-B722-4437-9761-AA292178C4E9}.Debug|x86.Build.0 = Debug|Any CPU
		{3DA311C0-B722-4437-9761-AA292178C4E9}.Debug|x86.Deploy.0 = Debug|Any CPU
		{3DA311C0-B722-4437-9761-AA292178C4E9}.Release|Any CPU.ActiveCfg = Release|Any CPU
		{3DA311C0-B722-4437-9761-AA292178C4E9}.Release|Any CPU.Build.0 = Release|Any CPU
		{3DA311C0-B722-4437-9761-AA292178C4E9}.Release|Any CPU.Deploy.0 = Release|Any CPU
		{3DA311C0-B722-4437-9761-AA292178C4E9}.Release|ARM.ActiveCfg = Release|Any CPU
		{3DA311C0-B722-4437-9761-AA292178C4E9}.Release|ARM.Build.0 = Release|Any CPU
		{3DA311C0-B722-4437-9761-AA292178C4E9}.Release|ARM.Deploy.0 = Release|Any CPU
		{3DA311C0-B722-4437-9761-AA292178C4E9}.Release|iPhone.ActiveCfg = Release|Any CPU
		{3DA311C0-B722-4437-9761-AA292178C4E9}.Release|iPhone.Build.0 = Release|Any CPU
		{3DA311C0-B722-4437-9761-AA292178C4E9}.Release|iPhone.Deploy.0 = Release|Any CPU
		{3DA311C0-B722-4437-9761-AA292178C4E9}.Release|iPhoneSimulator.ActiveCfg = Release|Any CPU
		{3DA311C0-B722-4437-9761-AA292178C4E9}.Release|iPhoneSimulator.Build.0 = Release|Any CPU
		{3DA311C0-B722-4437-9761-AA292178C4E9}.Release|iPhoneSimulator.Deploy.0 = Release|Any CPU
		{3DA311C0-B722-4437-9761-AA292178C4E9}.Release|x86.ActiveCfg = Release|Any CPU
		{3DA311C0-B722-4437-9761-AA292178C4E9}.Release|x86.Build.0 = Release|Any CPU
		{3DA311C0-B722-4437-9761-AA292178C4E9}.Release|x86.Deploy.0 = Release|Any CPU
		{93864490-8064-4A0D-80DA-D0F69E5EBC2D}.Debug|Any CPU.ActiveCfg = Debug|iPhone
		{93864490-8064-4A0D-80DA-D0F69E5EBC2D}.Debug|ARM.ActiveCfg = Debug|iPhone
		{93864490-8064-4A0D-80DA-D0F69E5EBC2D}.Debug|iPhone.ActiveCfg = Debug|iPhone
		{93864490-8064-4A0D-80DA-D0F69E5EBC2D}.Debug|iPhone.Build.0 = Debug|iPhone
		{93864490-8064-4A0D-80DA-D0F69E5EBC2D}.Debug|iPhoneSimulator.ActiveCfg = Debug|iPhoneSimulator
		{93864490-8064-4A0D-80DA-D0F69E5EBC2D}.Debug|iPhoneSimulator.Build.0 = Debug|iPhoneSimulator
		{93864490-8064-4A0D-80DA-D0F69E5EBC2D}.Debug|x86.ActiveCfg = Debug|iPhone
		{93864490-8064-4A0D-80DA-D0F69E5EBC2D}.Release|Any CPU.ActiveCfg = Release|iPhone
		{93864490-8064-4A0D-80DA-D0F69E5EBC2D}.Release|Any CPU.Build.0 = Release|iPhone
		{93864490-8064-4A0D-80DA-D0F69E5EBC2D}.Release|ARM.ActiveCfg = Release|iPhone
		{93864490-8064-4A0D-80DA-D0F69E5EBC2D}.Release|iPhone.ActiveCfg = Release|iPhone
		{93864490-8064-4A0D-80DA-D0F69E5EBC2D}.Release|iPhone.Build.0 = Release|iPhone
		{93864490-8064-4A0D-80DA-D0F69E5EBC2D}.Release|iPhoneSimulator.ActiveCfg = Release|iPhoneSimulator
		{93864490-8064-4A0D-80DA-D0F69E5EBC2D}.Release|iPhoneSimulator.Build.0 = Release|iPhoneSimulator
		{93864490-8064-4A0D-80DA-D0F69E5EBC2D}.Release|x86.ActiveCfg = Release|iPhone
	EndGlobalSection
	GlobalSection(SolutionProperties) = preSolution
		HideSolutionNode = FALSE
	EndGlobalSection
	GlobalSection(ExtensibilityGlobals) = postSolution
		SolutionGuid = {700845B1-B91C-47AD-B93A-34CC3A8EC2D5}
	EndGlobalSection
EndGlobal
